
Microsoft Visual Studio Solution File, Format Version 12.00
# Visual Studio Version 17
VisualStudioVersion = 17.9.34714.143
MinimumVisualStudioVersion = 10.0.40219.1
Project("{FAE04EC0-301F-11D3-BF4B-00C04F79EFBC}") = "Backend", "Backend\Backend.csproj", "{D6A5BB19-AF3B-4F9E-B718-4C1BFB7E545C}"
EndProject
Project("{FAE04EC0-301F-11D3-BF4B-00C04F79EFBC}") = "MyStore.Domain", "MyStore.Domain\MyStore.Domain.csproj", "{560CD0F7-6695-419F-A4A4-F626C2FE20F1}"
EndProject
Project("{FAE04EC0-301F-11D3-BF4B-00C04F79EFBC}") = "MyStore.Application", "MyStore.Application\MyStore.Application.csproj", "{3F45DA24-E414-47D5-A7FB-68FE7ADF235A}"
EndProject
Project("{FAE04EC0-301F-11D3-BF4B-00C04F79EFBC}") = "MyStore.Infrastructure", "MyStore.Infrastructure\MyStore.Infrastructure.csproj", "{648415F4-6CEC-44F1-A1B5-7B64C16DF994}"
EndProject
Global
	GlobalSection(SolutionConfigurationPlatforms) = preSolution
		Debug|Any CPU = Debug|Any CPU
		Release|Any CPU = Release|Any CPU
	EndGlobalSection
	GlobalSection(ProjectConfigurationPlatforms) = postSolution
		{D6A5BB19-AF3B-4F9E-B718-4C1BFB7E545C}.Debug|Any CPU.ActiveCfg = Debug|Any CPU
		{D6A5BB19-AF3B-4F9E-B718-4C1BFB7E545C}.Debug|Any CPU.Build.0 = Debug|Any CPU
		{D6A5BB19-AF3B-4F9E-B718-4C1BFB7E545C}.Release|Any CPU.ActiveCfg = Release|Any CPU
		{D6A5BB19-AF3B-4F9E-B718-4C1BFB7E545C}.Release|Any CPU.Build.0 = Release|Any CPU
		{560CD0F7-6695-419F-A4A4-F626C2FE20F1}.Debug|Any CPU.ActiveCfg = Debug|Any CPU
		{560CD0F7-6695-419F-A4A4-F626C2FE20F1}.Debug|Any CPU.Build.0 = Debug|Any CPU
		{560CD0F7-6695-419F-A4A4-F626C2FE20F1}.Release|Any CPU.ActiveCfg = Release|Any CPU
		{560CD0F7-6695-419F-A4A4-F626C2FE20F1}.Release|Any CPU.Build.0 = Release|Any CPU
		{3F45DA24-E414-47D5-A7FB-68FE7ADF235A}.Debug|Any CPU.ActiveCfg = Debug|Any CPU
		{3F45DA24-E414-47D5-A7FB-68FE7ADF235A}.Debug|Any CPU.Build.0 = Debug|Any CPU
		{3F45DA24-E414-47D5-A7FB-68FE7ADF235A}.Release|Any CPU.ActiveCfg = Release|Any CPU
		{3F45DA24-E414-47D5-A7FB-68FE7ADF235A}.Release|Any CPU.Build.0 = Release|Any CPU
		{648415F4-6CEC-44F1-A1B5-7B64C16DF994}.Debug|Any CPU.ActiveCfg = Debug|Any CPU
		{648415F4-6CEC-44F1-A1B5-7B64C16DF994}.Debug|Any CPU.Build.0 = Debug|Any CPU
		{648415F4-6CEC-44F1-A1B5-7B64C16DF994}.Release|Any CPU.ActiveCfg = Release|Any CPU
		{648415F4-6CEC-44F1-A1B5-7B64C16DF994}.Release|Any CPU.Build.0 = Release|Any CPU
	EndGlobalSection
	GlobalSection(SolutionProperties) = preSolution
		HideSolutionNode = FALSE
	EndGlobalSection
	GlobalSection(ExtensibilityGlobals) = postSolution
		SolutionGuid = {DE818B43-4945-4C90-B728-4CEA4442E71F}
	EndGlobalSection
EndGlobal
